{
	"name": "shopro-plus",
	"version": "1.0.0",
	"lockfileVersion": 3,
	"requires": true,
	"packages": {
		"": {
			"name": "shopro-plus",
			"version": "1.0.0",
			"license": "ISC",
			"dependencies": {
				"jweixin-module": "^1.6.0",
				"uni-read-pages": "^1.0.5",
				"uni-simple-router": "^2.0.6",
				"vconsole": "^3.7.0"
			},
			"devDependencies": {}
		},
		"node_modules/@babel/runtime": {
			"version": "7.21.5",
			"resolved": "https://registry.npmmirror.com/@babel/runtime/-/runtime-7.21.5.tgz",
			"integrity": "sha512-8jI69toZqqcsnqGGqwGS4Qb1VwLOEp4hz+CXPywcvjs60u3B4Pom/U/7rm4W8tMOYEB+E9wgD0mW1l3r8qlI9Q==",
			"dependencies": {
				"regenerator-runtime": "^0.13.11"
			},
			"engines": {
				"node": ">=6.9.0"
			}
		},
		"node_modules/copy-text-to-clipboard": {
			"version": "3.1.0",
			"resolved": "https://registry.npmmirror.com/copy-text-to-clipboard/-/copy-text-to-clipboard-3.1.0.tgz",
			"integrity": "sha512-PFM6BnjLnOON/lB3ta/Jg7Ywsv+l9kQGD4TWDCSlRBGmqnnTM5MrDkhAFgw+8HZt0wW6Q2BBE4cmy9sq+s9Qng==",
			"engines": {
				"node": ">=12"
			}
		},
		"node_modules/core-js": {
			"version": "3.30.2",
			"resolved": "https://registry.npmmirror.com/core-js/-/core-js-3.30.2.tgz",
			"integrity": "sha512-uBJiDmwqsbJCWHAwjrx3cvjbMXP7xD72Dmsn5LOJpiRmE3WbBbN5rCqQ2Qh6Ek6/eOrjlWngEynBWo4VxerQhg==",
			"hasInstallScript": true
		},
		"node_modules/jweixin-module": {
			"version": "1.6.0",
			"resolved": "https://registry.npmmirror.com/jweixin-module/-/jweixin-module-1.6.0.tgz",
			"integrity": "sha512-dGk9cf+ipipHmtzYmKZs5B2toX+p4hLyllGLF6xuC8t+B05oYxd8fYoaRz0T30U2n3RUv8a4iwvjhA+OcYz52w=="
		},
		"node_modules/mutation-observer": {
			"version": "1.0.3",
			"resolved": "https://registry.npmmirror.com/mutation-observer/-/mutation-observer-1.0.3.tgz",
			"integrity": "sha512-M/O/4rF2h776hV7qGMZUH3utZLO/jK7p8rnNgGkjKUw8zCGjRQPxB8z6+5l8+VjRUQ3dNYu4vjqXYLr+U8ZVNA=="
		},
		"node_modules/regenerator-runtime": {
			"version": "0.13.11",
			"resolved": "https://registry.npmmirror.com/regenerator-runtime/-/regenerator-runtime-0.13.11.tgz",
			"integrity": "sha512-kY1AZVr2Ra+t+piVaJ4gxaFaReZVH40AKNo7UCX6W+dEwBo/2oZJzqfuN1qLq1oL45o56cPaTXELwrTh8Fpggg=="
		},
		"node_modules/uni-read-pages": {
			"version": "1.0.5",
			"resolved": "https://registry.npmmirror.com/uni-read-pages/-/uni-read-pages-1.0.5.tgz",
			"integrity": "sha512-GkrrZ0LX0vn9R5k6RKEi0Ez3Q3e2vUpjXQ8Z6/K/d28KudI9ajqgt8WEjQFlG5EPm1K6uTArN8LlqmZTEixDUA==",
			"hasInstallScript": true
		},
		"node_modules/uni-simple-router": {
			"version": "2.0.7",
			"resolved": "https://registry.npmmirror.com/uni-simple-router/-/uni-simple-router-2.0.7.tgz",
			"integrity": "sha512-8FKv5dw7Eoonm0gkO8udprrxzin0fNUI0+AvIphFkFRH5ZmP5ZWJ2pvnWzb2NiiqQSECTSU5VSB7HhvOSwD5eA=="
		},
		"node_modules/vconsole": {
			"version": "3.15.0",
			"resolved": "https://registry.npmmirror.com/vconsole/-/vconsole-3.15.0.tgz",
			"integrity": "sha512-8hq7wabPcRucSWQyN7/1tthMawP9JPvM95zgtMHpPknMMMCKj+abpoK7P7oKK4B0qw58C24Mdvo9+raUdpHyVQ==",
			"dependencies": {
				"@babel/runtime": "^7.17.2",
				"copy-text-to-clipboard": "^3.0.1",
				"core-js": "^3.11.0",
				"mutation-observer": "^1.0.3"
			}
		}
	}
}
